// !$*UTF8*$!
{
	archiveVersion = 1;
	classes = {
	};
	objectVersion = 50;
	objects = {

/* Begin PBXBuildFile section */
		87041AA72198144300312FBF /* UserRepository.swift in Sources */ = {isa = PBXBuildFile; fileRef = 87041AA62198144300312FBF /* UserRepository.swift */; };
		87041AA92198145600312FBF /* DataSource.swift in Sources */ = {isa = PBXBuildFile; fileRef = 87041AA82198145600312FBF /* DataSource.swift */; };
		87041AB321982F2600312FBF /* UserLocalRepository.swift in Sources */ = {isa = PBXBuildFile; fileRef = 87041AB221982F2600312FBF /* UserLocalRepository.swift */; };
		87041AB721982FA100312FBF /* ProductRemoteRepository.swift in Sources */ = {isa = PBXBuildFile; fileRef = 87041AB621982FA100312FBF /* ProductRemoteRepository.swift */; };
		87041AB921982FAF00312FBF /* ProductLocalRepository.swift in Sources */ = {isa = PBXBuildFile; fileRef = 87041AB821982FAF00312FBF /* ProductLocalRepository.swift */; };
		87041ABD2198308B00312FBF /* ProductRepository.swift in Sources */ = {isa = PBXBuildFile; fileRef = 87041ABC2198308B00312FBF /* ProductRepository.swift */; };
		870D68BC219884690024AED1 /* ProductViewYamaalemViewController.swift in Sources */ = {isa = PBXBuildFile; fileRef = 870D68BB219884690024AED1 /* ProductViewYamaalemViewController.swift */; };
		8717BAE42198668700D7F5C9 /* ProductViewModel.swift in Sources */ = {isa = PBXBuildFile; fileRef = 8717BAE32198668700D7F5C9 /* ProductViewModel.swift */; };
		871F138A21985A4300B23D30 /* MainTabViewController.swift in Sources */ = {isa = PBXBuildFile; fileRef = 871F138921985A4300B23D30 /* MainTabViewController.swift */; };
		87A4772D219735B4005937AD /* AppDelegate.swift in Sources */ = {isa = PBXBuildFile; fileRef = 87A4772C219735B4005937AD /* AppDelegate.swift */; };
		87A4772F219735B4005937AD /* LoginViewController.swift in Sources */ = {isa = PBXBuildFile; fileRef = 87A4772E219735B4005937AD /* LoginViewController.swift */; };
		87A47732219735B4005937AD /* Main.storyboard in Resources */ = {isa = PBXBuildFile; fileRef = 87A47730219735B4005937AD /* Main.storyboard */; };
		87A47735219735B4005937AD /* marketo.xcdatamodeld in Sources */ = {isa = PBXBuildFile; fileRef = 87A47733219735B4005937AD /* marketo.xcdatamodeld */; };
		87A47737219735B9005937AD /* Assets.xcassets in Resources */ = {isa = PBXBuildFile; fileRef = 87A47736219735B9005937AD /* Assets.xcassets */; };
		87A4773A219735B9005937AD /* LaunchScreen.storyboard in Resources */ = {isa = PBXBuildFile; fileRef = 87A47738219735B9005937AD /* LaunchScreen.storyboard */; };
		87FF639021977AE5008EE969 /* Constants.swift in Sources */ = {isa = PBXBuildFile; fileRef = 87FF638F21977AE5008EE969 /* Constants.swift */; };
		87FF639221977B22008EE969 /* UserRouter.swift in Sources */ = {isa = PBXBuildFile; fileRef = 87FF639121977B22008EE969 /* UserRouter.swift */; };
		87FF639421977C44008EE969 /* UserRemoteRepository.swift in Sources */ = {isa = PBXBuildFile; fileRef = 87FF639321977C44008EE969 /* UserRemoteRepository.swift */; };
		8855376D219752EA0007B3B5 /* LoginViewModel.swift in Sources */ = {isa = PBXBuildFile; fileRef = 8855376C219752EA0007B3B5 /* LoginViewModel.swift */; };
		88553772219761F00007B3B5 /* SignUpViewModel.swift in Sources */ = {isa = PBXBuildFile; fileRef = 88553771219761F00007B3B5 /* SignUpViewModel.swift */; };
		885537742197622E0007B3B5 /* SignUpViewController.swift in Sources */ = {isa = PBXBuildFile; fileRef = 885537732197622E0007B3B5 /* SignUpViewController.swift */; };
		885537772197649F0007B3B5 /* User.swift in Sources */ = {isa = PBXBuildFile; fileRef = 885537762197649F0007B3B5 /* User.swift */; };
		88E998512198483900D3FE04 /* Extension.swift in Sources */ = {isa = PBXBuildFile; fileRef = 88E998502198483900D3FE04 /* Extension.swift */; };
		88E998542198491200D3FE04 /* HomeViewController.swift in Sources */ = {isa = PBXBuildFile; fileRef = 88E998532198491200D3FE04 /* HomeViewController.swift */; };
		88E998562198717600D3FE04 /* Product.swift in Sources */ = {isa = PBXBuildFile; fileRef = 88E998552198717600D3FE04 /* Product.swift */; };
		88E998582198722B00D3FE04 /* Price.swift in Sources */ = {isa = PBXBuildFile; fileRef = 88E998572198722B00D3FE04 /* Price.swift */; };
		88E9985A2198764600D3FE04 /* ProductRouter.swift in Sources */ = {isa = PBXBuildFile; fileRef = 88E998592198764600D3FE04 /* ProductRouter.swift */; };
		88E9985C2198769C00D3FE04 /* ApiConfiguration.swift in Sources */ = {isa = PBXBuildFile; fileRef = 88E9985B2198769C00D3FE04 /* ApiConfiguration.swift */; };
		D9A6BD54D153A4C1CDAA7903 /* Pods_marketo.framework in Frameworks */ = {isa = PBXBuildFile; fileRef = 815D5919280C5D615384F382 /* Pods_marketo.framework */; };
/* End PBXBuildFile section */

/* Begin PBXContainerItemProxy section */
		88E9986921987E9200D3FE04 /* PBXContainerItemProxy */ = {
			isa = PBXContainerItemProxy;
			containerPortal = 87A47721219735B3005937AD /* Project object */;
			proxyType = 1;
			remoteGlobalIDString = 87A47728219735B3005937AD;
			remoteInfo = marketo;
		};
/* End PBXContainerItemProxy section */

/* Begin PBXFileReference section */
		45D941B64E8D5DB93E13DF9E /* Pods_marketoTests.framework */ = {isa = PBXFileReference; explicitFileType = wrapper.framework; includeInIndex = 0; path = Pods_marketoTests.framework; sourceTree = BUILT_PRODUCTS_DIR; };
		815D5919280C5D615384F382 /* Pods_marketo.framework */ = {isa = PBXFileReference; explicitFileType = wrapper.framework; includeInIndex = 0; path = Pods_marketo.framework; sourceTree = BUILT_PRODUCTS_DIR; };
		87041AA62198144300312FBF /* UserRepository.swift */ = {isa = PBXFileReference; lastKnownFileType = sourcecode.swift; path = UserRepository.swift; sourceTree = "<group>"; };
		87041AA82198145600312FBF /* DataSource.swift */ = {isa = PBXFileReference; lastKnownFileType = sourcecode.swift; path = DataSource.swift; sourceTree = "<group>"; };
		87041AB221982F2600312FBF /* UserLocalRepository.swift */ = {isa = PBXFileReference; lastKnownFileType = sourcecode.swift; path = UserLocalRepository.swift; sourceTree = "<group>"; };
		87041AB621982FA100312FBF /* ProductRemoteRepository.swift */ = {isa = PBXFileReference; lastKnownFileType = sourcecode.swift; path = ProductRemoteRepository.swift; sourceTree = "<group>"; };
		87041AB821982FAF00312FBF /* ProductLocalRepository.swift */ = {isa = PBXFileReference; lastKnownFileType = sourcecode.swift; path = ProductLocalRepository.swift; sourceTree = "<group>"; };
		87041ABC2198308B00312FBF /* ProductRepository.swift */ = {isa = PBXFileReference; lastKnownFileType = sourcecode.swift; path = ProductRepository.swift; sourceTree = "<group>"; };
		870D68BB219884690024AED1 /* ProductViewYamaalemViewController.swift */ = {isa = PBXFileReference; lastKnownFileType = sourcecode.swift; path = ProductViewYamaalemViewController.swift; sourceTree = "<group>"; };
		8717BAE32198668700D7F5C9 /* ProductViewModel.swift */ = {isa = PBXFileReference; lastKnownFileType = sourcecode.swift; path = ProductViewModel.swift; sourceTree = "<group>"; };
		871F138921985A4300B23D30 /* MainTabViewController.swift */ = {isa = PBXFileReference; lastKnownFileType = sourcecode.swift; path = MainTabViewController.swift; sourceTree = "<group>"; };
		87A47729219735B4005937AD /* marketo.app */ = {isa = PBXFileReference; explicitFileType = wrapper.application; includeInIndex = 0; path = marketo.app; sourceTree = BUILT_PRODUCTS_DIR; };
		87A4772C219735B4005937AD /* AppDelegate.swift */ = {isa = PBXFileReference; lastKnownFileType = sourcecode.swift; path = AppDelegate.swift; sourceTree = "<group>"; };
		87A4772E219735B4005937AD /* LoginViewController.swift */ = {isa = PBXFileReference; lastKnownFileType = sourcecode.swift; path = LoginViewController.swift; sourceTree = "<group>"; };
		87A47731219735B4005937AD /* Base */ = {isa = PBXFileReference; lastKnownFileType = file.storyboard; name = Base; path = Base.lproj/Main.storyboard; sourceTree = "<group>"; };
		87A47734219735B4005937AD /* marketo.xcdatamodel */ = {isa = PBXFileReference; lastKnownFileType = wrapper.xcdatamodel; path = marketo.xcdatamodel; sourceTree = "<group>"; };
		87A47736219735B9005937AD /* Assets.xcassets */ = {isa = PBXFileReference; lastKnownFileType = folder.assetcatalog; path = Assets.xcassets; sourceTree = "<group>"; };
		87A47739219735B9005937AD /* Base */ = {isa = PBXFileReference; lastKnownFileType = file.storyboard; name = Base; path = Base.lproj/LaunchScreen.storyboard; sourceTree = "<group>"; };
		87A4773B219735B9005937AD /* Info.plist */ = {isa = PBXFileReference; lastKnownFileType = text.plist.xml; path = Info.plist; sourceTree = "<group>"; };
		87FF638F21977AE5008EE969 /* Constants.swift */ = {isa = PBXFileReference; lastKnownFileType = sourcecode.swift; path = Constants.swift; sourceTree = "<group>"; };
		87FF639121977B22008EE969 /* UserRouter.swift */ = {isa = PBXFileReference; lastKnownFileType = sourcecode.swift; path = UserRouter.swift; sourceTree = "<group>"; };
		87FF639321977C44008EE969 /* UserRemoteRepository.swift */ = {isa = PBXFileReference; lastKnownFileType = sourcecode.swift; path = UserRemoteRepository.swift; sourceTree = "<group>"; };
		8855376C219752EA0007B3B5 /* LoginViewModel.swift */ = {isa = PBXFileReference; lastKnownFileType = sourcecode.swift; path = LoginViewModel.swift; sourceTree = "<group>"; };
		88553771219761F00007B3B5 /* SignUpViewModel.swift */ = {isa = PBXFileReference; lastKnownFileType = sourcecode.swift; path = SignUpViewModel.swift; sourceTree = "<group>"; };
		885537732197622E0007B3B5 /* SignUpViewController.swift */ = {isa = PBXFileReference; lastKnownFileType = sourcecode.swift; path = SignUpViewController.swift; sourceTree = "<group>"; };
		885537762197649F0007B3B5 /* User.swift */ = {isa = PBXFileReference; lastKnownFileType = sourcecode.swift; path = User.swift; sourceTree = "<group>"; };
		88E998502198483900D3FE04 /* Extension.swift */ = {isa = PBXFileReference; lastKnownFileType = sourcecode.swift; path = Extension.swift; sourceTree = "<group>"; };
		88E998532198491200D3FE04 /* HomeViewController.swift */ = {isa = PBXFileReference; lastKnownFileType = sourcecode.swift; path = HomeViewController.swift; sourceTree = "<group>"; };
		88E998552198717600D3FE04 /* Product.swift */ = {isa = PBXFileReference; lastKnownFileType = sourcecode.swift; path = Product.swift; sourceTree = "<group>"; };
		88E998572198722B00D3FE04 /* Price.swift */ = {isa = PBXFileReference; lastKnownFileType = sourcecode.swift; path = Price.swift; sourceTree = "<group>"; };
		88E998592198764600D3FE04 /* ProductRouter.swift */ = {isa = PBXFileReference; lastKnownFileType = sourcecode.swift; path = ProductRouter.swift; sourceTree = "<group>"; };
		88E9985B2198769C00D3FE04 /* ApiConfiguration.swift */ = {isa = PBXFileReference; lastKnownFileType = sourcecode.swift; path = ApiConfiguration.swift; sourceTree = "<group>"; };
		88E9986421987E9200D3FE04 /* marketoTests.xctest */ = {isa = PBXFileReference; explicitFileType = wrapper.cfbundle; includeInIndex = 0; path = marketoTests.xctest; sourceTree = BUILT_PRODUCTS_DIR; };
		F4125A7CBB3A7492B14193A5 /* Pods-marketo.release.xcconfig */ = {isa = PBXFileReference; includeInIndex = 1; lastKnownFileType = text.xcconfig; name = "Pods-marketo.release.xcconfig"; path = "Pods/Target Support Files/Pods-marketo/Pods-marketo.release.xcconfig"; sourceTree = "<group>"; };
		F70DDDA15A7428FD8777E53A /* Pods-marketo.debug.xcconfig */ = {isa = PBXFileReference; includeInIndex = 1; lastKnownFileType = text.xcconfig; name = "Pods-marketo.debug.xcconfig"; path = "Pods/Target Support Files/Pods-marketo/Pods-marketo.debug.xcconfig"; sourceTree = "<group>"; };
/* End PBXFileReference section */

/* Begin PBXFrameworksBuildPhase section */
		87A47726219735B3005937AD /* Frameworks */ = {
			isa = PBXFrameworksBuildPhase;
			buildActionMask = 2147483647;
			files = (
				D9A6BD54D153A4C1CDAA7903 /* Pods_marketo.framework in Frameworks */,
			);
			runOnlyForDeploymentPostprocessing = 0;
		};
		88E9986121987E9200D3FE04 /* Frameworks */ = {
			isa = PBXFrameworksBuildPhase;
			buildActionMask = 2147483647;
			files = (
			);
			runOnlyForDeploymentPostprocessing = 0;
		};
/* End PBXFrameworksBuildPhase section */

/* Begin PBXGroup section */
		01661DBA30A97D8F79FAED09 /* Pods */ = {
			isa = PBXGroup;
			children = (
				F70DDDA15A7428FD8777E53A /* Pods-marketo.debug.xcconfig */,
				F4125A7CBB3A7492B14193A5 /* Pods-marketo.release.xcconfig */,
			);
			name = Pods;
			sourceTree = "<group>";
		};
		849EC38D6BF19C3DA52A17C0 /* Frameworks */ = {
			isa = PBXGroup;
			children = (
				815D5919280C5D615384F382 /* Pods_marketo.framework */,
				45D941B64E8D5DB93E13DF9E /* Pods_marketoTests.framework */,
			);
			name = Frameworks;
			sourceTree = "<group>";
		};
		87041AA42198136100312FBF /* Remote */ = {
			isa = PBXGroup;
			children = (
				87FF639121977B22008EE969 /* UserRouter.swift */,
				87FF639321977C44008EE969 /* UserRemoteRepository.swift */,
			);
			path = Remote;
			sourceTree = "<group>";
		};
		87041AAF21982E9700312FBF /* Product */ = {
			isa = PBXGroup;
			children = (
				87041AB521982F8300312FBF /* Remote */,
				87041AB421982F7900312FBF /* Local */,
				87041ABC2198308B00312FBF /* ProductRepository.swift */,
			);
			path = Product;
			sourceTree = "<group>";
		};
		87041AB121982EEA00312FBF /* Local */ = {
			isa = PBXGroup;
			children = (
				87041AB221982F2600312FBF /* UserLocalRepository.swift */,
			);
			path = Local;
			sourceTree = "<group>";
		};
		87041AB421982F7900312FBF /* Local */ = {
			isa = PBXGroup;
			children = (
				87041AB821982FAF00312FBF /* ProductLocalRepository.swift */,
			);
			path = Local;
			sourceTree = "<group>";
		};
		87041AB521982F8300312FBF /* Remote */ = {
			isa = PBXGroup;
			children = (
				87041AB621982FA100312FBF /* ProductRemoteRepository.swift */,
				88E998592198764600D3FE04 /* ProductRouter.swift */,
			);
			path = Remote;
			sourceTree = "<group>";
		};
		8717BADF2198663E00D7F5C9 /* UI */ = {
			isa = PBXGroup;
			children = (
				88E99852219848C600D3FE04 /* Home */,
				88E9984F219847E900D3FE04 /* Widget */,
				885537702197619E0007B3B5 /* SignUp */,
				888346F8219744A500FB3D26 /* Login */,
				8717BAE02198664D00D7F5C9 /* Product */,
				871F1388219859F700B23D30 /* Main */,
			);
			path = UI;
			sourceTree = "<group>";
		};
		8717BAE02198664D00D7F5C9 /* Product */ = {
			isa = PBXGroup;
			children = (
				8717BAE32198668700D7F5C9 /* ProductViewModel.swift */,
				870D68BB219884690024AED1 /* ProductViewYamaalemViewController.swift */,
			);
			path = Product;
			sourceTree = "<group>";
		};
		871F1388219859F700B23D30 /* Main */ = {
			isa = PBXGroup;
			children = (
				871F138921985A4300B23D30 /* MainTabViewController.swift */,
			);
			path = Main;
			sourceTree = "<group>";
		};
		87A47720219735B3005937AD = {
			isa = PBXGroup;
			children = (
				87A4772B219735B4005937AD /* marketo */,
				87A4772A219735B4005937AD /* Products */,
				01661DBA30A97D8F79FAED09 /* Pods */,
				849EC38D6BF19C3DA52A17C0 /* Frameworks */,
			);
			sourceTree = "<group>";
		};
		87A4772A219735B4005937AD /* Products */ = {
			isa = PBXGroup;
			children = (
				87A47729219735B4005937AD /* marketo.app */,
				88E9986421987E9200D3FE04 /* marketoTests.xctest */,
			);
			name = Products;
			sourceTree = "<group>";
		};
		87A4772B219735B4005937AD /* marketo */ = {
			isa = PBXGroup;
			children = (
				8717BADF2198663E00D7F5C9 /* UI */,
				87FF638D2197798A008EE969 /* Data */,
				88553775219763AC0007B3B5 /* Model */,
				87A4772C219735B4005937AD /* AppDelegate.swift */,
				87A47730219735B4005937AD /* Main.storyboard */,
				87A47736219735B9005937AD /* Assets.xcassets */,
				87A47738219735B9005937AD /* LaunchScreen.storyboard */,
				87A4773B219735B9005937AD /* Info.plist */,
				87A47733219735B4005937AD /* marketo.xcdatamodeld */,
			);
			path = marketo;
			sourceTree = "<group>";
		};
		87FF638D2197798A008EE969 /* Data */ = {
			isa = PBXGroup;
			children = (
				87041AAF21982E9700312FBF /* Product */,
				87FF638E21977ABB008EE969 /* User */,
				87041AA82198145600312FBF /* DataSource.swift */,
				87FF638F21977AE5008EE969 /* Constants.swift */,
				88E9985B2198769C00D3FE04 /* ApiConfiguration.swift */,
			);
			path = Data;
			sourceTree = "<group>";
		};
		87FF638E21977ABB008EE969 /* User */ = {
			isa = PBXGroup;
			children = (
				87041AB121982EEA00312FBF /* Local */,
				87041AA42198136100312FBF /* Remote */,
				87041AA62198144300312FBF /* UserRepository.swift */,
			);
			path = User;
			sourceTree = "<group>";
		};
		885537702197619E0007B3B5 /* SignUp */ = {
			isa = PBXGroup;
			children = (
				88553771219761F00007B3B5 /* SignUpViewModel.swift */,
				885537732197622E0007B3B5 /* SignUpViewController.swift */,
			);
			path = SignUp;
			sourceTree = "<group>";
		};
		88553775219763AC0007B3B5 /* Model */ = {
			isa = PBXGroup;
			children = (
				885537762197649F0007B3B5 /* User.swift */,
				88E998552198717600D3FE04 /* Product.swift */,
				88E998572198722B00D3FE04 /* Price.swift */,
			);
			path = Model;
			sourceTree = "<group>";
		};
		888346F8219744A500FB3D26 /* Login */ = {
			isa = PBXGroup;
			children = (
				87A4772E219735B4005937AD /* LoginViewController.swift */,
				8855376C219752EA0007B3B5 /* LoginViewModel.swift */,
			);
			path = Login;
			sourceTree = "<group>";
		};
		88E9984F219847E900D3FE04 /* Widget */ = {
			isa = PBXGroup;
			children = (
				88E998502198483900D3FE04 /* Extension.swift */,
			);
			path = Widget;
			sourceTree = "<group>";
		};
		88E99852219848C600D3FE04 /* Home */ = {
			isa = PBXGroup;
			children = (
				88E998532198491200D3FE04 /* HomeViewController.swift */,
			);
			path = Home;
			sourceTree = "<group>";
		};
/* End PBXGroup section */

/* Begin PBXNativeTarget section */
		87A47728219735B3005937AD /* marketo */ = {
			isa = PBXNativeTarget;
			buildConfigurationList = 87A4773E219735B9005937AD /* Build configuration list for PBXNativeTarget "marketo" */;
			buildPhases = (
				A7160BF05A7CF20A225E51D6 /* [CP] Check Pods Manifest.lock */,
				87A47725219735B3005937AD /* Sources */,
				87A47726219735B3005937AD /* Frameworks */,
				87A47727219735B3005937AD /* Resources */,
				B1022369C96B087EAF674479 /* [CP] Embed Pods Frameworks */,
			);
			buildRules = (
			);
			dependencies = (
			);
			name = marketo;
			productName = marketo;
			productReference = 87A47729219735B4005937AD /* marketo.app */;
			productType = "com.apple.product-type.application";
		};
		88E9986321987E9200D3FE04 /* marketoTests */ = {
			isa = PBXNativeTarget;
			buildConfigurationList = 88E9986B21987E9200D3FE04 /* Build configuration list for PBXNativeTarget "marketoTests" */;
			buildPhases = (
				88E9986021987E9200D3FE04 /* Sources */,
				88E9986121987E9200D3FE04 /* Frameworks */,
				88E9986221987E9200D3FE04 /* Resources */,
			);
			buildRules = (
			);
			dependencies = (
				88E9986A21987E9200D3FE04 /* PBXTargetDependency */,
			);
			name = marketoTests;
			productName = marketoTests;
			productReference = 88E9986421987E9200D3FE04 /* marketoTests.xctest */;
			productType = "com.apple.product-type.bundle.unit-test";
		};
/* End PBXNativeTarget section */

/* Begin PBXProject section */
		87A47721219735B3005937AD /* Project object */ = {
			isa = PBXProject;
			attributes = {
				LastSwiftUpdateCheck = 1000;
				LastUpgradeCheck = 1000;
				ORGANIZATIONNAME = "selim ajimi";
				TargetAttributes = {
					87A47728219735B3005937AD = {
						CreatedOnToolsVersion = 10.0;
					};
					88E9986321987E9200D3FE04 = {
						CreatedOnToolsVersion = 10.0;
						TestTargetID = 87A47728219735B3005937AD;
					};
				};
			};
			buildConfigurationList = 87A47724219735B3005937AD /* Build configuration list for PBXProject "marketo" */;
			compatibilityVersion = "Xcode 9.3";
			developmentRegion = en;
			hasScannedForEncodings = 0;
			knownRegions = (
				en,
				Base,
			);
			mainGroup = 87A47720219735B3005937AD;
			productRefGroup = 87A4772A219735B4005937AD /* Products */;
			projectDirPath = "";
			projectRoot = "";
			targets = (
				87A47728219735B3005937AD /* marketo */,
				88E9986321987E9200D3FE04 /* marketoTests */,
			);
		};
/* End PBXProject section */

/* Begin PBXResourcesBuildPhase section */
		87A47727219735B3005937AD /* Resources */ = {
			isa = PBXResourcesBuildPhase;
			buildActionMask = 2147483647;
			files = (
				87A4773A219735B9005937AD /* LaunchScreen.storyboard in Resources */,
				87A47737219735B9005937AD /* Assets.xcassets in Resources */,
				87A47732219735B4005937AD /* Main.storyboard in Resources */,
			);
			runOnlyForDeploymentPostprocessing = 0;
		};
		88E9986221987E9200D3FE04 /* Resources */ = {
			isa = PBXResourcesBuildPhase;
			buildActionMask = 2147483647;
			files = (
			);
			runOnlyForDeploymentPostprocessing = 0;
		};
/* End PBXResourcesBuildPhase section */

/* Begin PBXShellScriptBuildPhase section */
		A7160BF05A7CF20A225E51D6 /* [CP] Check Pods Manifest.lock */ = {
			isa = PBXShellScriptBuildPhase;
			buildActionMask = 2147483647;
			files = (
			);
			inputFileListPaths = (
			);
			inputPaths = (
				"${PODS_PODFILE_DIR_PATH}/Podfile.lock",
				"${PODS_ROOT}/Manifest.lock",
			);
			name = "[CP] Check Pods Manifest.lock";
			outputFileListPaths = (
			);
			outputPaths = (
				"$(DERIVED_FILE_DIR)/Pods-marketo-checkManifestLockResult.txt",
			);
			runOnlyForDeploymentPostprocessing = 0;
			shellPath = /bin/sh;
			shellScript = "diff \"${PODS_PODFILE_DIR_PATH}/Podfile.lock\" \"${PODS_ROOT}/Manifest.lock\" > /dev/null\nif [ $? != 0 ] ; then\n    # print error to STDERR\n    echo \"error: The sandbox is not in sync with the Podfile.lock. Run 'pod install' or update your CocoaPods installation.\" >&2\n    exit 1\nfi\n# This output is used by Xcode 'outputs' to avoid re-running this script phase.\necho \"SUCCESS\" > \"${SCRIPT_OUTPUT_FILE_0}\"\n";
			showEnvVarsInLog = 0;
		};
		B1022369C96B087EAF674479 /* [CP] Embed Pods Frameworks */ = {
			isa = PBXShellScriptBuildPhase;
			buildActionMask = 2147483647;
			files = (
			);
			inputFileListPaths = (
			);
			inputPaths = (
				"${SRCROOT}/Pods/Target Support Files/Pods-marketo/Pods-marketo-frameworks.sh",
				"${BUILT_PRODUCTS_DIR}/Alamofire/Alamofire.framework",
			);
			name = "[CP] Embed Pods Frameworks";
			outputFileListPaths = (
			);
			outputPaths = (
				"${TARGET_BUILD_DIR}/${FRAMEWORKS_FOLDER_PATH}/Alamofire.framework",
			);
			runOnlyForDeploymentPostprocessing = 0;
			shellPath = /bin/sh;
			shellScript = "\"${SRCROOT}/Pods/Target Support Files/Pods-marketo/Pods-marketo-frameworks.sh\"\n";
			showEnvVarsInLog = 0;
		};
/* End PBXShellScriptBuildPhase section */

/* Begin PBXSourcesBuildPhase section */
		87A47725219735B3005937AD /* Sources */ = {
			isa = PBXSourcesBuildPhase;
			buildActionMask = 2147483647;
			files = (
				871F138A21985A4300B23D30 /* MainTabViewController.swift in Sources */,
				87041AA72198144300312FBF /* UserRepository.swift in Sources */,
				885537742197622E0007B3B5 /* SignUpViewController.swift in Sources */,
				88E9985C2198769C00D3FE04 /* ApiConfiguration.swift in Sources */,
				8855376D219752EA0007B3B5 /* LoginViewModel.swift in Sources */,
				87041ABD2198308B00312FBF /* ProductRepository.swift in Sources */,
				88E9985A2198764600D3FE04 /* ProductRouter.swift in Sources */,
				88E998562198717600D3FE04 /* Product.swift in Sources */,
				8717BAE42198668700D7F5C9 /* ProductViewModel.swift in Sources */,
				87041AB721982FA100312FBF /* ProductRemoteRepository.swift in Sources */,
				870D68BC219884690024AED1 /* ProductViewYamaalemViewController.swift in Sources */,
				88E998542198491200D3FE04 /* HomeViewController.swift in Sources */,
				87A4772F219735B4005937AD /* LoginViewController.swift in Sources */,
				88553772219761F00007B3B5 /* SignUpViewModel.swift in Sources */,
				88E998582198722B00D3FE04 /* Price.swift in Sources */,
				87FF639221977B22008EE969 /* UserRouter.swift in Sources */,
				87A47735219735B4005937AD /* marketo.xcdatamodeld in Sources */,
				87FF639421977C44008EE969 /* UserRemoteRepository.swift in Sources */,
				87A4772D219735B4005937AD /* AppDelegate.swift in Sources */,
				87041AB921982FAF00312FBF /* ProductLocalRepository.swift in Sources */,
				885537772197649F0007B3B5 /* User.swift in Sources */,
				88E998512198483900D3FE04 /* Extension.swift in Sources */,
				87041AB321982F2600312FBF /* UserLocalRepository.swift in Sources */,
				87FF639021977AE5008EE969 /* Constants.swift in Sources */,
				87041AA92198145600312FBF /* DataSource.swift in Sources */,
			);
			runOnlyForDeploymentPostprocessing = 0;
		};
		88E9986021987E9200D3FE04 /* Sources */ = {
			isa = PBXSourcesBuildPhase;
			buildActionMask = 2147483647;
			files = (
			);
			runOnlyForDeploymentPostprocessing = 0;
		};
/* End PBXSourcesBuildPhase section */

/* Begin PBXTargetDependency section */
		88E9986A21987E9200D3FE04 /* PBXTargetDependency */ = {
			isa = PBXTargetDependency;
			target = 87A47728219735B3005937AD /* marketo */;
			targetProxy = 88E9986921987E9200D3FE04 /* PBXContainerItemProxy */;
		};
/* End PBXTargetDependency section */

/* Begin PBXVariantGroup section */
		87A47730219735B4005937AD /* Main.storyboard */ = {
			isa = PBXVariantGroup;
			children = (
				87A47731219735B4005937AD /* Base */,
			);
			name = Main.storyboard;
			sourceTree = "<group>";
		};
		87A47738219735B9005937AD /* LaunchScreen.storyboard */ = {
			isa = PBXVariantGroup;
			children = (
				87A47739219735B9005937AD /* Base */,
			);
			name = LaunchScreen.storyboard;
			sourceTree = "<group>";
		};
/* End PBXVariantGroup section */

/* Begin XCBuildConfiguration section */
		87A4773C219735B9005937AD /* Debug */ = {
			isa = XCBuildConfiguration;
			buildSettings = {
				ALWAYS_SEARCH_USER_PATHS = NO;
				CLANG_ANALYZER_NONNULL = YES;
				CLANG_ANALYZER_NUMBER_OBJECT_CONVERSION = YES_AGGRESSIVE;
				CLANG_CXX_LANGUAGE_STANDARD = "gnu++14";
				CLANG_CXX_LIBRARY = "libc++";
				CLANG_ENABLE_MODULES = YES;
				CLANG_ENABLE_OBJC_ARC = YES;
				CLANG_ENABLE_OBJC_WEAK = YES;
				CLANG_WARN_BLOCK_CAPTURE_AUTORELEASING = YES;
				CLANG_WARN_BOOL_CONVERSION = YES;
				CLANG_WARN_COMMA = YES;
				CLANG_WARN_CONSTANT_CONVERSION = YES;
				CLANG_WARN_DEPRECATED_OBJC_IMPLEMENTATIONS = YES;
				CLANG_WARN_DIRECT_OBJC_ISA_USAGE = YES_ERROR;
				CLANG_WARN_DOCUMENTATION_COMMENTS = YES;
				CLANG_WARN_EMPTY_BODY = YES;
				CLANG_WARN_ENUM_CONVERSION = YES;
				CLANG_WARN_INFINITE_RECURSION = YES;
				CLANG_WARN_INT_CONVERSION = YES;
				CLANG_WARN_NON_LITERAL_NULL_CONVERSION = YES;
				CLANG_WARN_OBJC_IMPLICIT_RETAIN_SELF = YES;
				CLANG_WARN_OBJC_LITERAL_CONVERSION = YES;
				CLANG_WARN_OBJC_ROOT_CLASS = YES_ERROR;
				CLANG_WARN_RANGE_LOOP_ANALYSIS = YES;
				CLANG_WARN_STRICT_PROTOTYPES = YES;
				CLANG_WARN_SUSPICIOUS_MOVE = YES;
				CLANG_WARN_UNGUARDED_AVAILABILITY = YES_AGGRESSIVE;
				CLANG_WARN_UNREACHABLE_CODE = YES;
				CLANG_WARN__DUPLICATE_METHOD_MATCH = YES;
				CODE_SIGN_IDENTITY = "iPhone Developer";
				COPY_PHASE_STRIP = NO;
				DEBUG_INFORMATION_FORMAT = dwarf;
				ENABLE_STRICT_OBJC_MSGSEND = YES;
				ENABLE_TESTABILITY = YES;
				GCC_C_LANGUAGE_STANDARD = gnu11;
				GCC_DYNAMIC_NO_PIC = NO;
				GCC_NO_COMMON_BLOCKS = YES;
				GCC_OPTIMIZATION_LEVEL = 0;
				GCC_PREPROCESSOR_DEFINITIONS = (
					"DEBUG=1",
					"$(inherited)",
				);
				GCC_WARN_64_TO_32_BIT_CONVERSION = YES;
				GCC_WARN_ABOUT_RETURN_TYPE = YES_ERROR;
				GCC_WARN_UNDECLARED_SELECTOR = YES;
				GCC_WARN_UNINITIALIZED_AUTOS = YES_AGGRESSIVE;
				GCC_WARN_UNUSED_FUNCTION = YES;
				GCC_WARN_UNUSED_VARIABLE = YES;
				IPHONEOS_DEPLOYMENT_TARGET = 12.0;
				MTL_ENABLE_DEBUG_INFO = INCLUDE_SOURCE;
				MTL_FAST_MATH = YES;
				ONLY_ACTIVE_ARCH = YES;
				SDKROOT = iphoneos;
				SWIFT_ACTIVE_COMPILATION_CONDITIONS = DEBUG;
				SWIFT_OPTIMIZATION_LEVEL = "-Onone";
			};
			name = Debug;
		};
		87A4773D219735B9005937AD /* Release */ = {
			isa = XCBuildConfiguration;
			buildSettings = {
				ALWAYS_SEARCH_USER_PATHS = NO;
				CLANG_ANALYZER_NONNULL = YES;
				CLANG_ANALYZER_NUMBER_OBJECT_CONVERSION = YES_AGGRESSIVE;
				CLANG_CXX_LANGUAGE_STANDARD = "gnu++14";
				CLANG_CXX_LIBRARY = "libc++";
				CLANG_ENABLE_MODULES = YES;
				CLANG_ENABLE_OBJC_ARC = YES;
				CLANG_ENABLE_OBJC_WEAK = YES;
				CLANG_WARN_BLOCK_CAPTURE_AUTORELEASING = YES;
				CLANG_WARN_BOOL_CONVERSION = YES;
				CLANG_WARN_COMMA = YES;
				CLANG_WARN_CONSTANT_CONVERSION = YES;
				CLANG_WARN_DEPRECATED_OBJC_IMPLEMENTATIONS = YES;
				CLANG_WARN_DIRECT_OBJC_ISA_USAGE = YES_ERROR;
				CLANG_WARN_DOCUMENTATION_COMMENTS = YES;
				CLANG_WARN_EMPTY_BODY = YES;
				CLANG_WARN_ENUM_CONVERSION = YES;
				CLANG_WARN_INFINITE_RECURSION = YES;
				CLANG_WARN_INT_CONVERSION = YES;
				CLANG_WARN_NON_LITERAL_NULL_CONVERSION = YES;
				CLANG_WARN_OBJC_IMPLICIT_RETAIN_SELF = YES;
				CLANG_WARN_OBJC_LITERAL_CONVERSION = YES;
				CLANG_WARN_OBJC_ROOT_CLASS = YES_ERROR;
				CLANG_WARN_RANGE_LOOP_ANALYSIS = YES;
				CLANG_WARN_STRICT_PROTOTYPES = YES;
				CLANG_WARN_SUSPICIOUS_MOVE = YES;
				CLANG_WARN_UNGUARDED_AVAILABILITY = YES_AGGRESSIVE;
				CLANG_WARN_UNREACHABLE_CODE = YES;
				CLANG_WARN__DUPLICATE_METHOD_MATCH = YES;
				CODE_SIGN_IDENTITY = "iPhone Developer";
				COPY_PHASE_STRIP = NO;
				DEBUG_INFORMATION_FORMAT = "dwarf-with-dsym";
				ENABLE_NS_ASSERTIONS = NO;
				ENABLE_STRICT_OBJC_MSGSEND = YES;
				GCC_C_LANGUAGE_STANDARD = gnu11;
				GCC_NO_COMMON_BLOCKS = YES;
				GCC_WARN_64_TO_32_BIT_CONVERSION = YES;
				GCC_WARN_ABOUT_RETURN_TYPE = YES_ERROR;
				GCC_WARN_UNDECLARED_SELECTOR = YES;
				GCC_WARN_UNINITIALIZED_AUTOS = YES_AGGRESSIVE;
				GCC_WARN_UNUSED_FUNCTION = YES;
				GCC_WARN_UNUSED_VARIABLE = YES;
				IPHONEOS_DEPLOYMENT_TARGET = 12.0;
				MTL_ENABLE_DEBUG_INFO = NO;
				MTL_FAST_MATH = YES;
				SDKROOT = iphoneos;
				SWIFT_COMPILATION_MODE = wholemodule;
				SWIFT_OPTIMIZATION_LEVEL = "-O";
				VALIDATE_PRODUCT = YES;
			};
			name = Release;
		};
		87A4773F219735B9005937AD /* Debug */ = {
			isa = XCBuildConfiguration;
			baseConfigurationReference = F70DDDA15A7428FD8777E53A /* Pods-marketo.debug.xcconfig */;
			buildSettings = {
				ASSETCATALOG_COMPILER_APPICON_NAME = AppIcon;
				CODE_SIGN_STYLE = Automatic;
				INFOPLIST_FILE = marketo/Info.plist;
				LD_RUNPATH_SEARCH_PATHS = (
					"$(inherited)",
					"@executable_path/Frameworks",
				);
				PRODUCT_BUNDLE_IDENTIFIER = sway.io.marketo;
				PRODUCT_NAME = "$(TARGET_NAME)";
				SWIFT_VERSION = 4.2;
				TARGETED_DEVICE_FAMILY = "1,2";
			};
			name = Debug;
		};
		87A47740219735B9005937AD /* Release */ = {
			isa = XCBuildConfiguration;
			baseConfigurationReference = F4125A7CBB3A7492B14193A5 /* Pods-marketo.release.xcconfig */;
			buildSettings = {
				ASSETCATALOG_COMPILER_APPICON_NAME = AppIcon;
				CODE_SIGN_STYLE = Automatic;
				INFOPLIST_FILE = marketo/Info.plist;
				LD_RUNPATH_SEARCH_PATHS = (
					"$(inherited)",
					"@executable_path/Frameworks",
				);
				PRODUCT_BUNDLE_IDENTIFIER = sway.io.marketo;
				PRODUCT_NAME = "$(TARGET_NAME)";
				SWIFT_VERSION = 4.2;
				TARGETED_DEVICE_FAMILY = "1,2";
			};
			name = Release;
		};
		88E9986C21987E9200D3FE04 /* Debug */ = {
			isa = XCBuildConfiguration;
			buildSettings = {
				BUNDLE_LOADER = "$(TEST_HOST)";
				CODE_SIGN_STYLE = Automatic;
				INFOPLIST_FILE = marketoTests/Info.plist;
				LD_RUNPATH_SEARCH_PATHS = (
					"$(inherited)",
					"@executable_path/Frameworks",
					"@loader_path/Frameworks",
				);
				PRODUCT_BUNDLE_IDENTIFIER = esprit.marketoTests;
				PRODUCT_NAME = "$(TARGET_NAME)";
				SWIFT_VERSION = 4.2;
				TARGETED_DEVICE_FAMILY = "1,2";
				TEST_HOST = "$(BUILT_PRODUCTS_DIR)/marketo.app/marketo";
			};
			name = Debug;
		};
		88E9986D21987E9200D3FE04 /* Release */ = {
			isa = XCBuildConfiguration;
			buildSettings = {
				BUNDLE_LOADER = "$(TEST_HOST)";
				CODE_SIGN_STYLE = Automatic;
				INFOPLIST_FILE = marketoTests/Info.plist;
				LD_RUNPATH_SEARCH_PATHS = (
					"$(inherited)",
					"@executable_path/Frameworks",
					"@loader_path/Frameworks",
				);
				PRODUCT_BUNDLE_IDENTIFIER = esprit.marketoTests;
				PRODUCT_NAME = "$(TARGET_NAME)";
				SWIFT_VERSION = 4.2;
				TARGETED_DEVICE_FAMILY = "1,2";
				TEST_HOST = "$(BUILT_PRODUCTS_DIR)/marketo.app/marketo";
			};
			name = Release;
		};
/* End XCBuildConfiguration section */

/* Begin XCConfigurationList section */
		87A47724219735B3005937AD /* Build configuration list for PBXProject "marketo" */ = {
			isa = XCConfigurationList;
			buildConfigurations = (
				87A4773C219735B9005937AD /* Debug */,
				87A4773D219735B9005937AD /* Release */,
			);
			defaultConfigurationIsVisible = 0;
			defaultConfigurationName = Release;
		};
		87A4773E219735B9005937AD /* Build configuration list for PBXNativeTarget "marketo" */ = {
			isa = XCConfigurationList;
			buildConfigurations = (
				87A4773F219735B9005937AD /* Debug */,
				87A47740219735B9005937AD /* Release */,
			);
			defaultConfigurationIsVisible = 0;
			defaultConfigurationName = Release;
		};
		88E9986B21987E9200D3FE04 /* Build configuration list for PBXNativeTarget "marketoTests" */ = {
			isa = XCConfigurationList;
			buildConfigurations = (
				88E9986C21987E9200D3FE04 /* Debug */,
				88E9986D21987E9200D3FE04 /* Release */,
			);
			defaultConfigurationIsVisible = 0;
			defaultConfigurationName = Release;
		};
/* End XCConfigurationList section */

/* Begin XCVersionGroup section */
		87A47733219735B4005937AD /* marketo.xcdatamodeld */ = {
			isa = XCVersionGroup;
			children = (
				87A47734219735B4005937AD /* marketo.xcdatamodel */,
			);
			currentVersion = 87A47734219735B4005937AD /* marketo.xcdatamodel */;
			path = marketo.xcdatamodeld;
			sourceTree = "<group>";
			versionGroupType = wrapper.xcdatamodel;
		};
/* End XCVersionGroup section */
	};
	rootObject = 87A47721219735B3005937AD /* Project object */;
}
